
Microsoft Visual Studio Solution File, Format Version 12.00
# Visual Studio Version 17
VisualStudioVersion = 17.9.34902.65
MinimumVisualStudioVersion = 10.0.40219.1
Project("{FAE04EC0-301F-11D3-BF4B-00C04F79EFBC}") = "Q20", "Q20.csproj", "{AE592209-2285-467B-AB3B-93FB17B79B44}"
EndProject
Global
	GlobalSection(SolutionConfigurationPlatforms) = preSolution
		Debug|Any CPU = Debug|Any CPU
		Release|Any CPU = Release|Any CPU
	EndGlobalSection
	GlobalSection(ProjectConfigurationPlatforms) = postSolution
		{AE592209-2285-467B-AB3B-93FB17B79B44}.Debug|Any CPU.ActiveCfg = Debug|Any CPU
		{AE592209-2285-467B-AB3B-93FB17B79B44}.Debug|Any CPU.Build.0 = Debug|Any CPU
		{AE592209-2285-467B-AB3B-93FB17B79B44}.Release|Any CPU.ActiveCfg = Release|Any CPU
		{AE592209-2285-467B-AB3B-93FB17B79B44}.Release|Any CPU.Build.0 = Release|Any CPU
	EndGlobalSection
	GlobalSection(SolutionProperties) = preSolution
		HideSolutionNode = FALSE
	EndGlobalSection
	GlobalSection(ExtensibilityGlobals) = postSolution
		SolutionGuid = {91B18FAD-11AB-433D-A090-C5BAC92FC1D4}
	EndGlobalSection
EndGlobal
