
Microsoft Visual Studio Solution File, Format Version 12.00
# Visual Studio Version 17
VisualStudioVersion = 17.9.34902.65
MinimumVisualStudioVersion = 10.0.40219.1
Project("{FAE04EC0-301F-11D3-BF4B-00C04F79EFBC}") = "Question_10", "Question_10.csproj", "{2345D196-C708-4482-9A22-F13A8AFD7CE2}"
EndProject
Global
	GlobalSection(SolutionConfigurationPlatforms) = preSolution
		Debug|Any CPU = Debug|Any CPU
		Release|Any CPU = Release|Any CPU
	EndGlobalSection
	GlobalSection(ProjectConfigurationPlatforms) = postSolution
		{2345D196-C708-4482-9A22-F13A8AFD7CE2}.Debug|Any CPU.ActiveCfg = Debug|Any CPU
		{2345D196-C708-4482-9A22-F13A8AFD7CE2}.Debug|Any CPU.Build.0 = Debug|Any CPU
		{2345D196-C708-4482-9A22-F13A8AFD7CE2}.Release|Any CPU.ActiveCfg = Release|Any CPU
		{2345D196-C708-4482-9A22-F13A8AFD7CE2}.Release|Any CPU.Build.0 = Release|Any CPU
	EndGlobalSection
	GlobalSection(SolutionProperties) = preSolution
		HideSolutionNode = FALSE
	EndGlobalSection
	GlobalSection(ExtensibilityGlobals) = postSolution
		SolutionGuid = {2EE8DAA7-0FD2-4B62-A653-D79A95F89E55}
	EndGlobalSection
EndGlobal
